
Microsoft Visual Studio Solution File, Format Version 12.00
# Visual Studio Version 17
VisualStudioVersion = 17.0.31903.59
MinimumVisualStudioVersion = 10.0.40219.1
Project("{FAE04EC0-301F-11D3-BF4B-00C04F79EFBC}") = "MVVMLearning", "MVVMLearning\MVVMLearning.csproj", "{5502D2B1-498D-4774-8FD6-D067748FEB78}"
EndProject
Global
	GlobalSection(SolutionConfigurationPlatforms) = preSolution
		Debug|Any CPU = Debug|Any CPU
		Release|Any CPU = Release|Any CPU
	EndGlobalSection
	GlobalSection(ProjectConfigurationPlatforms) = postSolution
		{5502D2B1-498D-4774-8FD6-D067748FEB78}.Debug|Any CPU.ActiveCfg = Debug|Any CPU
		{5502D2B1-498D-4774-8FD6-D067748FEB78}.Debug|Any CPU.Build.0 = Debug|Any CPU
		{5502D2B1-498D-4774-8FD6-D067748FEB78}.Release|Any CPU.ActiveCfg = Release|Any CPU
		{5502D2B1-498D-4774-8FD6-D067748FEB78}.Release|Any CPU.Build.0 = Release|Any CPU
	EndGlobalSection
	GlobalSection(SolutionProperties) = preSolution
		HideSolutionNode = FALSE
	EndGlobalSection
	GlobalSection(ExtensibilityGlobals) = postSolution
		SolutionGuid = {AC53BBE5-008C-4384-9681-6BE11BEFA71D}
	EndGlobalSection
EndGlobal
